// !$*UTF8*$!
{
	archiveVersion = 1;
	classes = {
	};
	objectVersion = 50;
	objects = {

/* Begin PBXBuildFile section */
		6E8D329024657A460048CCF1 /* AppDelegate.swift in Sources */ = {isa = PBXBuildFile; fileRef = 6E8D328F24657A460048CCF1 /* AppDelegate.swift */; };
		6E8D329624657A460048CCF1 /* GameScene.swift in Sources */ = {isa = PBXBuildFile; fileRef = 6E8D329524657A460048CCF1 /* GameScene.swift */; };
		6E8D329824657A460048CCF1 /* GameViewController.swift in Sources */ = {isa = PBXBuildFile; fileRef = 6E8D329724657A460048CCF1 /* GameViewController.swift */; };
		6E8D329B24657A460048CCF1 /* Main.storyboard in Resources */ = {isa = PBXBuildFile; fileRef = 6E8D329924657A460048CCF1 /* Main.storyboard */; };
		6E8D329D24657A480048CCF1 /* Assets.xcassets in Resources */ = {isa = PBXBuildFile; fileRef = 6E8D329C24657A480048CCF1 /* Assets.xcassets */; };
		6E8D32A024657A480048CCF1 /* LaunchScreen.storyboard in Resources */ = {isa = PBXBuildFile; fileRef = 6E8D329E24657A480048CCF1 /* LaunchScreen.storyboard */; };
		6E8D32A924658EEB0048CCF1 /* SunNode.swift in Sources */ = {isa = PBXBuildFile; fileRef = 6E8D32A824658EEB0048CCF1 /* SunNode.swift */; };
		6E8D32AB24658F530048CCF1 /* PlanetsType.swift in Sources */ = {isa = PBXBuildFile; fileRef = 6E8D32AA24658F530048CCF1 /* PlanetsType.swift */; };
		6E8D32AD246593730048CCF1 /* GameLayer.swift in Sources */ = {isa = PBXBuildFile; fileRef = 6E8D32AC246593730048CCF1 /* GameLayer.swift */; };
		6E8D32AF246594330048CCF1 /* ShootingStarNode.swift in Sources */ = {isa = PBXBuildFile; fileRef = 6E8D32AE246594330048CCF1 /* ShootingStarNode.swift */; };
		6E8D32C52465C2AF0048CCF1 /* NotificationName+Extension.swift in Sources */ = {isa = PBXBuildFile; fileRef = 6E8D32C42465C2AF0048CCF1 /* NotificationName+Extension.swift */; };
		6E8D32C72465C5D10048CCF1 /* CGPoint+Extension.swift in Sources */ = {isa = PBXBuildFile; fileRef = 6E8D32C62465C5D10048CCF1 /* CGPoint+Extension.swift */; };
		6E8D32C92465CE640048CCF1 /* TLAnalogJoystick.swift in Sources */ = {isa = PBXBuildFile; fileRef = 6E8D32C82465CE640048CCF1 /* TLAnalogJoystick.swift */; };
		6E8D32CB2465D3840048CCF1 /* HudLayer.swift in Sources */ = {isa = PBXBuildFile; fileRef = 6E8D32CA2465D3840048CCF1 /* HudLayer.swift */; };
		6E8D32D6246603A30048CCF1 /* BackgroundLayer.swift in Sources */ = {isa = PBXBuildFile; fileRef = 6E8D32D5246603A30048CCF1 /* BackgroundLayer.swift */; };
		6EE7282124696B1600C11CFC /* Test.swift in Sources */ = {isa = PBXBuildFile; fileRef = 6EE7282024696B1600C11CFC /* Test.swift */; };
		6EE7283924696B5500C11CFC /* BigSawBass2.mp3 in Resources */ = {isa = PBXBuildFile; fileRef = 6EE7282224696B5300C11CFC /* BigSawBass2.mp3 */; };
		6EE7283A24696B5500C11CFC /* HeavySynthBass3.mp3 in Resources */ = {isa = PBXBuildFile; fileRef = 6EE7282324696B5300C11CFC /* HeavySynthBass3.mp3 */; };
		6EE7283B24696B5500C11CFC /* JumpUpBass1.mp3 in Resources */ = {isa = PBXBuildFile; fileRef = 6EE7282424696B5300C11CFC /* JumpUpBass1.mp3 */; };
		6EE7283C24696B5500C11CFC /* JumpUpBass3.mp3 in Resources */ = {isa = PBXBuildFile; fileRef = 6EE7282524696B5300C11CFC /* JumpUpBass3.mp3 */; };
		6EE7283D24696B5500C11CFC /* ClassicElectricPiano1.mp3 in Resources */ = {isa = PBXBuildFile; fileRef = 6EE7282624696B5300C11CFC /* ClassicElectricPiano1.mp3 */; };
		6EE7283E24696B5500C11CFC /* BigSawBass4.mp3 in Resources */ = {isa = PBXBuildFile; fileRef = 6EE7282724696B5300C11CFC /* BigSawBass4.mp3 */; };
		6EE7283F24696B5500C11CFC /* HeavySynthBass7.mp3 in Resources */ = {isa = PBXBuildFile; fileRef = 6EE7282824696B5300C11CFC /* HeavySynthBass7.mp3 */; };
		6EE7284024696B5500C11CFC /* HeavySynthBass2.mp3 in Resources */ = {isa = PBXBuildFile; fileRef = 6EE7282924696B5300C11CFC /* HeavySynthBass2.mp3 */; };
		6EE7284124696B5500C11CFC /* TauregMoonBass4.mp3 in Resources */ = {isa = PBXBuildFile; fileRef = 6EE7282A24696B5400C11CFC /* TauregMoonBass4.mp3 */; };
		6EE7284224696B5500C11CFC /* HeavySynthBass1.mp3 in Resources */ = {isa = PBXBuildFile; fileRef = 6EE7282B24696B5400C11CFC /* HeavySynthBass1.mp3 */; };
		6EE7284324696B5500C11CFC /* HeavySynthBass5.mp3 in Resources */ = {isa = PBXBuildFile; fileRef = 6EE7282C24696B5400C11CFC /* HeavySynthBass5.mp3 */; };
		6EE7284424696B5500C11CFC /* TauregMoonBass2.mp3 in Resources */ = {isa = PBXBuildFile; fileRef = 6EE7282D24696B5400C11CFC /* TauregMoonBass2.mp3 */; };
		6EE7284524696B5500C11CFC /* HeavySynthBass8.mp3 in Resources */ = {isa = PBXBuildFile; fileRef = 6EE7282E24696B5400C11CFC /* HeavySynthBass8.mp3 */; };
		6EE7284624696B5500C11CFC /* HeavySynthBass6.mp3 in Resources */ = {isa = PBXBuildFile; fileRef = 6EE7282F24696B5400C11CFC /* HeavySynthBass6.mp3 */; };
		6EE7284724696B5500C11CFC /* ClassicElectricPiano3.mp3 in Resources */ = {isa = PBXBuildFile; fileRef = 6EE7283024696B5400C11CFC /* ClassicElectricPiano3.mp3 */; };
		6EE7284824696B5500C11CFC /* BigSawBass1.mp3 in Resources */ = {isa = PBXBuildFile; fileRef = 6EE7283124696B5400C11CFC /* BigSawBass1.mp3 */; };
		6EE7284924696B5500C11CFC /* ClassicElectricPiano4.mp3 in Resources */ = {isa = PBXBuildFile; fileRef = 6EE7283224696B5500C11CFC /* ClassicElectricPiano4.mp3 */; };
		6EE7284A24696B5500C11CFC /* BigSawBass3.mp3 in Resources */ = {isa = PBXBuildFile; fileRef = 6EE7283324696B5500C11CFC /* BigSawBass3.mp3 */; };
		6EE7284B24696B5500C11CFC /* JumpUpBass2.mp3 in Resources */ = {isa = PBXBuildFile; fileRef = 6EE7283424696B5500C11CFC /* JumpUpBass2.mp3 */; };
		6EE7284C24696B5500C11CFC /* TauregMoonBass3.mp3 in Resources */ = {isa = PBXBuildFile; fileRef = 6EE7283524696B5500C11CFC /* TauregMoonBass3.mp3 */; };
		6EE7284D24696B5500C11CFC /* HeavySynthBass4.mp3 in Resources */ = {isa = PBXBuildFile; fileRef = 6EE7283624696B5500C11CFC /* HeavySynthBass4.mp3 */; };
		6EE7284E24696B5500C11CFC /* TauregMoonBass1.mp3 in Resources */ = {isa = PBXBuildFile; fileRef = 6EE7283724696B5500C11CFC /* TauregMoonBass1.mp3 */; };
		6EE7284F24696B5500C11CFC /* ClassicElectricPiano2.mp3 in Resources */ = {isa = PBXBuildFile; fileRef = 6EE7283824696B5500C11CFC /* ClassicElectricPiano2.mp3 */; };
		6EE728532469884E00C11CFC /* Planet.swift in Sources */ = {isa = PBXBuildFile; fileRef = 6EE728522469884E00C11CFC /* Planet.swift */; };
		6EE7285524699C8700C11CFC /* StarNode.swift in Sources */ = {isa = PBXBuildFile; fileRef = 6EE7285424699C8700C11CFC /* StarNode.swift */; };
/* End PBXBuildFile section */

/* Begin PBXFileReference section */
		6E8D328C24657A460048CCF1 /* wwdc2020.app */ = {isa = PBXFileReference; explicitFileType = wrapper.application; includeInIndex = 0; path = wwdc2020.app; sourceTree = BUILT_PRODUCTS_DIR; };
		6E8D328F24657A460048CCF1 /* AppDelegate.swift */ = {isa = PBXFileReference; lastKnownFileType = sourcecode.swift; path = AppDelegate.swift; sourceTree = "<group>"; };
		6E8D329524657A460048CCF1 /* GameScene.swift */ = {isa = PBXFileReference; lastKnownFileType = sourcecode.swift; path = GameScene.swift; sourceTree = "<group>"; };
		6E8D329724657A460048CCF1 /* GameViewController.swift */ = {isa = PBXFileReference; lastKnownFileType = sourcecode.swift; path = GameViewController.swift; sourceTree = "<group>"; };
		6E8D329A24657A460048CCF1 /* Base */ = {isa = PBXFileReference; lastKnownFileType = file.storyboard; name = Base; path = Base.lproj/Main.storyboard; sourceTree = "<group>"; };
		6E8D329C24657A480048CCF1 /* Assets.xcassets */ = {isa = PBXFileReference; lastKnownFileType = folder.assetcatalog; path = Assets.xcassets; sourceTree = "<group>"; };
		6E8D329F24657A480048CCF1 /* Base */ = {isa = PBXFileReference; lastKnownFileType = file.storyboard; name = Base; path = Base.lproj/LaunchScreen.storyboard; sourceTree = "<group>"; };
		6E8D32A124657A480048CCF1 /* Info.plist */ = {isa = PBXFileReference; lastKnownFileType = text.plist.xml; path = Info.plist; sourceTree = "<group>"; };
		6E8D32A824658EEB0048CCF1 /* SunNode.swift */ = {isa = PBXFileReference; lastKnownFileType = sourcecode.swift; path = SunNode.swift; sourceTree = "<group>"; };
		6E8D32AA24658F530048CCF1 /* PlanetsType.swift */ = {isa = PBXFileReference; lastKnownFileType = sourcecode.swift; path = PlanetsType.swift; sourceTree = "<group>"; };
		6E8D32AC246593730048CCF1 /* GameLayer.swift */ = {isa = PBXFileReference; lastKnownFileType = sourcecode.swift; path = GameLayer.swift; sourceTree = "<group>"; };
		6E8D32AE246594330048CCF1 /* ShootingStarNode.swift */ = {isa = PBXFileReference; lastKnownFileType = sourcecode.swift; path = ShootingStarNode.swift; sourceTree = "<group>"; };
		6E8D32C42465C2AF0048CCF1 /* NotificationName+Extension.swift */ = {isa = PBXFileReference; lastKnownFileType = sourcecode.swift; path = "NotificationName+Extension.swift"; sourceTree = "<group>"; };
		6E8D32C62465C5D10048CCF1 /* CGPoint+Extension.swift */ = {isa = PBXFileReference; lastKnownFileType = sourcecode.swift; path = "CGPoint+Extension.swift"; sourceTree = "<group>"; };
		6E8D32C82465CE640048CCF1 /* TLAnalogJoystick.swift */ = {isa = PBXFileReference; lastKnownFileType = sourcecode.swift; path = TLAnalogJoystick.swift; sourceTree = "<group>"; };
		6E8D32CA2465D3840048CCF1 /* HudLayer.swift */ = {isa = PBXFileReference; lastKnownFileType = sourcecode.swift; path = HudLayer.swift; sourceTree = "<group>"; };
		6E8D32D5246603A30048CCF1 /* BackgroundLayer.swift */ = {isa = PBXFileReference; lastKnownFileType = sourcecode.swift; path = BackgroundLayer.swift; sourceTree = "<group>"; };
		6EE7282024696B1600C11CFC /* Test.swift */ = {isa = PBXFileReference; lastKnownFileType = sourcecode.swift; path = Test.swift; sourceTree = "<group>"; };
		6EE7282224696B5300C11CFC /* BigSawBass2.mp3 */ = {isa = PBXFileReference; lastKnownFileType = audio.mp3; path = BigSawBass2.mp3; sourceTree = "<group>"; };
		6EE7282324696B5300C11CFC /* HeavySynthBass3.mp3 */ = {isa = PBXFileReference; lastKnownFileType = audio.mp3; path = HeavySynthBass3.mp3; sourceTree = "<group>"; };
		6EE7282424696B5300C11CFC /* JumpUpBass1.mp3 */ = {isa = PBXFileReference; lastKnownFileType = audio.mp3; path = JumpUpBass1.mp3; sourceTree = "<group>"; };
		6EE7282524696B5300C11CFC /* JumpUpBass3.mp3 */ = {isa = PBXFileReference; lastKnownFileType = audio.mp3; path = JumpUpBass3.mp3; sourceTree = "<group>"; };
		6EE7282624696B5300C11CFC /* ClassicElectricPiano1.mp3 */ = {isa = PBXFileReference; lastKnownFileType = audio.mp3; path = ClassicElectricPiano1.mp3; sourceTree = "<group>"; };
		6EE7282724696B5300C11CFC /* BigSawBass4.mp3 */ = {isa = PBXFileReference; lastKnownFileType = audio.mp3; path = BigSawBass4.mp3; sourceTree = "<group>"; };
		6EE7282824696B5300C11CFC /* HeavySynthBass7.mp3 */ = {isa = PBXFileReference; lastKnownFileType = audio.mp3; path = HeavySynthBass7.mp3; sourceTree = "<group>"; };
		6EE7282924696B5300C11CFC /* HeavySynthBass2.mp3 */ = {isa = PBXFileReference; lastKnownFileType = audio.mp3; path = HeavySynthBass2.mp3; sourceTree = "<group>"; };
		6EE7282A24696B5400C11CFC /* TauregMoonBass4.mp3 */ = {isa = PBXFileReference; lastKnownFileType = audio.mp3; path = TauregMoonBass4.mp3; sourceTree = "<group>"; };
		6EE7282B24696B5400C11CFC /* HeavySynthBass1.mp3 */ = {isa = PBXFileReference; lastKnownFileType = audio.mp3; path = HeavySynthBass1.mp3; sourceTree = "<group>"; };
		6EE7282C24696B5400C11CFC /* HeavySynthBass5.mp3 */ = {isa = PBXFileReference; lastKnownFileType = audio.mp3; path = HeavySynthBass5.mp3; sourceTree = "<group>"; };
		6EE7282D24696B5400C11CFC /* TauregMoonBass2.mp3 */ = {isa = PBXFileReference; lastKnownFileType = audio.mp3; path = TauregMoonBass2.mp3; sourceTree = "<group>"; };
		6EE7282E24696B5400C11CFC /* HeavySynthBass8.mp3 */ = {isa = PBXFileReference; lastKnownFileType = audio.mp3; path = HeavySynthBass8.mp3; sourceTree = "<group>"; };
		6EE7282F24696B5400C11CFC /* HeavySynthBass6.mp3 */ = {isa = PBXFileReference; lastKnownFileType = audio.mp3; path = HeavySynthBass6.mp3; sourceTree = "<group>"; };
		6EE7283024696B5400C11CFC /* ClassicElectricPiano3.mp3 */ = {isa = PBXFileReference; lastKnownFileType = audio.mp3; path = ClassicElectricPiano3.mp3; sourceTree = "<group>"; };
		6EE7283124696B5400C11CFC /* BigSawBass1.mp3 */ = {isa = PBXFileReference; lastKnownFileType = audio.mp3; path = BigSawBass1.mp3; sourceTree = "<group>"; };
		6EE7283224696B5500C11CFC /* ClassicElectricPiano4.mp3 */ = {isa = PBXFileReference; lastKnownFileType = audio.mp3; path = ClassicElectricPiano4.mp3; sourceTree = "<group>"; };
		6EE7283324696B5500C11CFC /* BigSawBass3.mp3 */ = {isa = PBXFileReference; lastKnownFileType = audio.mp3; path = BigSawBass3.mp3; sourceTree = "<group>"; };
		6EE7283424696B5500C11CFC /* JumpUpBass2.mp3 */ = {isa = PBXFileReference; lastKnownFileType = audio.mp3; path = JumpUpBass2.mp3; sourceTree = "<group>"; };
		6EE7283524696B5500C11CFC /* TauregMoonBass3.mp3 */ = {isa = PBXFileReference; lastKnownFileType = audio.mp3; path = TauregMoonBass3.mp3; sourceTree = "<group>"; };
		6EE7283624696B5500C11CFC /* HeavySynthBass4.mp3 */ = {isa = PBXFileReference; lastKnownFileType = audio.mp3; path = HeavySynthBass4.mp3; sourceTree = "<group>"; };
		6EE7283724696B5500C11CFC /* TauregMoonBass1.mp3 */ = {isa = PBXFileReference; lastKnownFileType = audio.mp3; path = TauregMoonBass1.mp3; sourceTree = "<group>"; };
		6EE7283824696B5500C11CFC /* ClassicElectricPiano2.mp3 */ = {isa = PBXFileReference; lastKnownFileType = audio.mp3; path = ClassicElectricPiano2.mp3; sourceTree = "<group>"; };
		6EE728522469884E00C11CFC /* Planet.swift */ = {isa = PBXFileReference; lastKnownFileType = sourcecode.swift; path = Planet.swift; sourceTree = "<group>"; };
		6EE7285424699C8700C11CFC /* StarNode.swift */ = {isa = PBXFileReference; lastKnownFileType = sourcecode.swift; path = StarNode.swift; sourceTree = "<group>"; };
/* End PBXFileReference section */

/* Begin PBXFrameworksBuildPhase section */
		6E8D328924657A460048CCF1 /* Frameworks */ = {
			isa = PBXFrameworksBuildPhase;
			buildActionMask = 2147483647;
			files = (
			);
			runOnlyForDeploymentPostprocessing = 0;
		};
/* End PBXFrameworksBuildPhase section */

/* Begin PBXGroup section */
		6E8D328324657A460048CCF1 = {
			isa = PBXGroup;
			children = (
				6E8D328E24657A460048CCF1 /* wwdc2020 */,
				6E8D328D24657A460048CCF1 /* Products */,
			);
			sourceTree = "<group>";
		};
		6E8D328D24657A460048CCF1 /* Products */ = {
			isa = PBXGroup;
			children = (
				6E8D328C24657A460048CCF1 /* wwdc2020.app */,
			);
			name = Products;
			sourceTree = "<group>";
		};
		6E8D328E24657A460048CCF1 /* wwdc2020 */ = {
			isa = PBXGroup;
			children = (
				6E8D32CC2465D8F20048CCF1 /* Sounds */,
				6E8D32C32465C29A0048CCF1 /* Extension */,
				6E8D32BB2465C1310048CCF1 /* Nodes */,
				6E8D32BA24659F350048CCF1 /* Layers */,
				6E8D32B024659E070048CCF1 /* Joystick */,
				6E8D32A724657A540048CCF1 /* Core */,
				6E8D329524657A460048CCF1 /* GameScene.swift */,
				6E8D32AA24658F530048CCF1 /* PlanetsType.swift */,
				6EE7282024696B1600C11CFC /* Test.swift */,
			);
			path = wwdc2020;
			sourceTree = "<group>";
		};
		6E8D32A724657A540048CCF1 /* Core */ = {
			isa = PBXGroup;
			children = (
				6E8D329724657A460048CCF1 /* GameViewController.swift */,
				6E8D329924657A460048CCF1 /* Main.storyboard */,
				6E8D329C24657A480048CCF1 /* Assets.xcassets */,
				6E8D329E24657A480048CCF1 /* LaunchScreen.storyboard */,
				6E8D32A124657A480048CCF1 /* Info.plist */,
				6E8D328F24657A460048CCF1 /* AppDelegate.swift */,
			);
			path = Core;
			sourceTree = "<group>";
		};
		6E8D32B024659E070048CCF1 /* Joystick */ = {
			isa = PBXGroup;
			children = (
				6E8D32C82465CE640048CCF1 /* TLAnalogJoystick.swift */,
			);
			path = Joystick;
			sourceTree = "<group>";
		};
		6E8D32BA24659F350048CCF1 /* Layers */ = {
			isa = PBXGroup;
			children = (
				6E8D32AC246593730048CCF1 /* GameLayer.swift */,
				6E8D32CA2465D3840048CCF1 /* HudLayer.swift */,
				6E8D32D5246603A30048CCF1 /* BackgroundLayer.swift */,
			);
			path = Layers;
			sourceTree = "<group>";
		};
		6E8D32BB2465C1310048CCF1 /* Nodes */ = {
			isa = PBXGroup;
			children = (
				6E8D32AE246594330048CCF1 /* ShootingStarNode.swift */,
				6E8D32A824658EEB0048CCF1 /* SunNode.swift */,
				6EE728522469884E00C11CFC /* Planet.swift */,
				6EE7285424699C8700C11CFC /* StarNode.swift */,
			);
			path = Nodes;
			sourceTree = "<group>";
		};
		6E8D32C32465C29A0048CCF1 /* Extension */ = {
			isa = PBXGroup;
			children = (
				6E8D32C42465C2AF0048CCF1 /* NotificationName+Extension.swift */,
				6E8D32C62465C5D10048CCF1 /* CGPoint+Extension.swift */,
			);
			path = Extension;
			sourceTree = "<group>";
		};
		6E8D32CC2465D8F20048CCF1 /* Sounds */ = {
			isa = PBXGroup;
			children = (
				6EE7283124696B5400C11CFC /* BigSawBass1.mp3 */,
				6EE7282224696B5300C11CFC /* BigSawBass2.mp3 */,
				6EE7283324696B5500C11CFC /* BigSawBass3.mp3 */,
				6EE7282724696B5300C11CFC /* BigSawBass4.mp3 */,
				6EE7282624696B5300C11CFC /* ClassicElectricPiano1.mp3 */,
				6EE7283824696B5500C11CFC /* ClassicElectricPiano2.mp3 */,
				6EE7283024696B5400C11CFC /* ClassicElectricPiano3.mp3 */,
				6EE7283224696B5500C11CFC /* ClassicElectricPiano4.mp3 */,
				6EE7282B24696B5400C11CFC /* HeavySynthBass1.mp3 */,
				6EE7282924696B5300C11CFC /* HeavySynthBass2.mp3 */,
				6EE7282324696B5300C11CFC /* HeavySynthBass3.mp3 */,
				6EE7283624696B5500C11CFC /* HeavySynthBass4.mp3 */,
				6EE7282C24696B5400C11CFC /* HeavySynthBass5.mp3 */,
				6EE7282F24696B5400C11CFC /* HeavySynthBass6.mp3 */,
				6EE7282824696B5300C11CFC /* HeavySynthBass7.mp3 */,
				6EE7282E24696B5400C11CFC /* HeavySynthBass8.mp3 */,
				6EE7282424696B5300C11CFC /* JumpUpBass1.mp3 */,
				6EE7283424696B5500C11CFC /* JumpUpBass2.mp3 */,
				6EE7282524696B5300C11CFC /* JumpUpBass3.mp3 */,
				6EE7283724696B5500C11CFC /* TauregMoonBass1.mp3 */,
				6EE7282D24696B5400C11CFC /* TauregMoonBass2.mp3 */,
				6EE7283524696B5500C11CFC /* TauregMoonBass3.mp3 */,
				6EE7282A24696B5400C11CFC /* TauregMoonBass4.mp3 */,
			);
			path = Sounds;
			sourceTree = "<group>";
		};
/* End PBXGroup section */

/* Begin PBXNativeTarget section */
		6E8D328B24657A460048CCF1 /* wwdc2020 */ = {
			isa = PBXNativeTarget;
			buildConfigurationList = 6E8D32A424657A480048CCF1 /* Build configuration list for PBXNativeTarget "wwdc2020" */;
			buildPhases = (
				6E8D328824657A460048CCF1 /* Sources */,
				6E8D328924657A460048CCF1 /* Frameworks */,
				6E8D328A24657A460048CCF1 /* Resources */,
			);
			buildRules = (
			);
			dependencies = (
			);
			name = wwdc2020;
			productName = wwdc2020;
			productReference = 6E8D328C24657A460048CCF1 /* wwdc2020.app */;
			productType = "com.apple.product-type.application";
		};
/* End PBXNativeTarget section */

/* Begin PBXProject section */
		6E8D328424657A460048CCF1 /* Project object */ = {
			isa = PBXProject;
			attributes = {
				LastSwiftUpdateCheck = 1140;
				LastUpgradeCheck = 1140;
				ORGANIZATIONNAME = "Luis Gustavo Avelino de Lima Jacinto";
				TargetAttributes = {
					6E8D328B24657A460048CCF1 = {
						CreatedOnToolsVersion = 11.4.1;
					};
				};
			};
			buildConfigurationList = 6E8D328724657A460048CCF1 /* Build configuration list for PBXProject "wwdc2020" */;
			compatibilityVersion = "Xcode 9.3";
			developmentRegion = en;
			hasScannedForEncodings = 0;
			knownRegions = (
				en,
				Base,
			);
			mainGroup = 6E8D328324657A460048CCF1;
			productRefGroup = 6E8D328D24657A460048CCF1 /* Products */;
			projectDirPath = "";
			projectRoot = "";
			targets = (
				6E8D328B24657A460048CCF1 /* wwdc2020 */,
			);
		};
/* End PBXProject section */

/* Begin PBXResourcesBuildPhase section */
		6E8D328A24657A460048CCF1 /* Resources */ = {
			isa = PBXResourcesBuildPhase;
			buildActionMask = 2147483647;
			files = (
				6EE7284224696B5500C11CFC /* HeavySynthBass1.mp3 in Resources */,
				6EE7284F24696B5500C11CFC /* ClassicElectricPiano2.mp3 in Resources */,
				6EE7283A24696B5500C11CFC /* HeavySynthBass3.mp3 in Resources */,
				6EE7283E24696B5500C11CFC /* BigSawBass4.mp3 in Resources */,
				6E8D329B24657A460048CCF1 /* Main.storyboard in Resources */,
				6EE7283C24696B5500C11CFC /* JumpUpBass3.mp3 in Resources */,
				6EE7284524696B5500C11CFC /* HeavySynthBass8.mp3 in Resources */,
				6EE7284C24696B5500C11CFC /* TauregMoonBass3.mp3 in Resources */,
				6EE7284824696B5500C11CFC /* BigSawBass1.mp3 in Resources */,
				6EE7284924696B5500C11CFC /* ClassicElectricPiano4.mp3 in Resources */,
				6EE7284D24696B5500C11CFC /* HeavySynthBass4.mp3 in Resources */,
				6EE7284724696B5500C11CFC /* ClassicElectricPiano3.mp3 in Resources */,
				6EE7283B24696B5500C11CFC /* JumpUpBass1.mp3 in Resources */,
				6EE7284A24696B5500C11CFC /* BigSawBass3.mp3 in Resources */,
				6EE7283D24696B5500C11CFC /* ClassicElectricPiano1.mp3 in Resources */,
				6EE7284E24696B5500C11CFC /* TauregMoonBass1.mp3 in Resources */,
				6EE7284024696B5500C11CFC /* HeavySynthBass2.mp3 in Resources */,
				6EE7284424696B5500C11CFC /* TauregMoonBass2.mp3 in Resources */,
				6EE7283F24696B5500C11CFC /* HeavySynthBass7.mp3 in Resources */,
				6EE7283924696B5500C11CFC /* BigSawBass2.mp3 in Resources */,
				6EE7284324696B5500C11CFC /* HeavySynthBass5.mp3 in Resources */,
				6EE7284624696B5500C11CFC /* HeavySynthBass6.mp3 in Resources */,
				6E8D329D24657A480048CCF1 /* Assets.xcassets in Resources */,
				6EE7284B24696B5500C11CFC /* JumpUpBass2.mp3 in Resources */,
				6E8D32A024657A480048CCF1 /* LaunchScreen.storyboard in Resources */,
				6EE7284124696B5500C11CFC /* TauregMoonBass4.mp3 in Resources */,
			);
			runOnlyForDeploymentPostprocessing = 0;
		};
/* End PBXResourcesBuildPhase section */

/* Begin PBXSourcesBuildPhase section */
		6E8D328824657A460048CCF1 /* Sources */ = {
			isa = PBXSourcesBuildPhase;
			buildActionMask = 2147483647;
			files = (
				6E8D32AF246594330048CCF1 /* ShootingStarNode.swift in Sources */,
				6E8D32D6246603A30048CCF1 /* BackgroundLayer.swift in Sources */,
				6E8D32A924658EEB0048CCF1 /* SunNode.swift in Sources */,
				6E8D32C72465C5D10048CCF1 /* CGPoint+Extension.swift in Sources */,
				6E8D32AD246593730048CCF1 /* GameLayer.swift in Sources */,
				6E8D32CB2465D3840048CCF1 /* HudLayer.swift in Sources */,
				6EE7282124696B1600C11CFC /* Test.swift in Sources */,
				6E8D329624657A460048CCF1 /* GameScene.swift in Sources */,
				6E8D32C52465C2AF0048CCF1 /* NotificationName+Extension.swift in Sources */,
				6E8D32AB24658F530048CCF1 /* PlanetsType.swift in Sources */,
				6E8D329824657A460048CCF1 /* GameViewController.swift in Sources */,
				6EE7285524699C8700C11CFC /* StarNode.swift in Sources */,
				6EE728532469884E00C11CFC /* Planet.swift in Sources */,
				6E8D32C92465CE640048CCF1 /* TLAnalogJoystick.swift in Sources */,
				6E8D329024657A460048CCF1 /* AppDelegate.swift in Sources */,
			);
			runOnlyForDeploymentPostprocessing = 0;
		};
/* End PBXSourcesBuildPhase section */

/* Begin PBXVariantGroup section */
		6E8D329924657A460048CCF1 /* Main.storyboard */ = {
			isa = PBXVariantGroup;
			children = (
				6E8D329A24657A460048CCF1 /* Base */,
			);
			name = Main.storyboard;
			sourceTree = "<group>";
		};
		6E8D329E24657A480048CCF1 /* LaunchScreen.storyboard */ = {
			isa = PBXVariantGroup;
			children = (
				6E8D329F24657A480048CCF1 /* Base */,
			);
			name = LaunchScreen.storyboard;
			sourceTree = "<group>";
		};
/* End PBXVariantGroup section */

/* Begin XCBuildConfiguration section */
		6E8D32A224657A480048CCF1 /* Debug */ = {
			isa = XCBuildConfiguration;
			buildSettings = {
				ALWAYS_SEARCH_USER_PATHS = NO;
				CLANG_ANALYZER_NONNULL = YES;
				CLANG_ANALYZER_NUMBER_OBJECT_CONVERSION = YES_AGGRESSIVE;
				CLANG_CXX_LANGUAGE_STANDARD = "gnu++14";
				CLANG_CXX_LIBRARY = "libc++";
				CLANG_ENABLE_MODULES = YES;
				CLANG_ENABLE_OBJC_ARC = YES;
				CLANG_ENABLE_OBJC_WEAK = YES;
				CLANG_WARN_BLOCK_CAPTURE_AUTORELEASING = YES;
				CLANG_WARN_BOOL_CONVERSION = YES;
				CLANG_WARN_COMMA = YES;
				CLANG_WARN_CONSTANT_CONVERSION = YES;
				CLANG_WARN_DEPRECATED_OBJC_IMPLEMENTATIONS = YES;
				CLANG_WARN_DIRECT_OBJC_ISA_USAGE = YES_ERROR;
				CLANG_WARN_DOCUMENTATION_COMMENTS = YES;
				CLANG_WARN_EMPTY_BODY = YES;
				CLANG_WARN_ENUM_CONVERSION = YES;
				CLANG_WARN_INFINITE_RECURSION = YES;
				CLANG_WARN_INT_CONVERSION = YES;
				CLANG_WARN_NON_LITERAL_NULL_CONVERSION = YES;
				CLANG_WARN_OBJC_IMPLICIT_RETAIN_SELF = YES;
				CLANG_WARN_OBJC_LITERAL_CONVERSION = YES;
				CLANG_WARN_OBJC_ROOT_CLASS = YES_ERROR;
				CLANG_WARN_RANGE_LOOP_ANALYSIS = YES;
				CLANG_WARN_STRICT_PROTOTYPES = YES;
				CLANG_WARN_SUSPICIOUS_MOVE = YES;
				CLANG_WARN_UNGUARDED_AVAILABILITY = YES_AGGRESSIVE;
				CLANG_WARN_UNREACHABLE_CODE = YES;
				CLANG_WARN__DUPLICATE_METHOD_MATCH = YES;
				COPY_PHASE_STRIP = NO;
				DEBUG_INFORMATION_FORMAT = dwarf;
				ENABLE_STRICT_OBJC_MSGSEND = YES;
				ENABLE_TESTABILITY = YES;
				GCC_C_LANGUAGE_STANDARD = gnu11;
				GCC_DYNAMIC_NO_PIC = NO;
				GCC_NO_COMMON_BLOCKS = YES;
				GCC_OPTIMIZATION_LEVEL = 0;
				GCC_PREPROCESSOR_DEFINITIONS = (
					"DEBUG=1",
					"$(inherited)",
				);
				GCC_WARN_64_TO_32_BIT_CONVERSION = YES;
				GCC_WARN_ABOUT_RETURN_TYPE = YES_ERROR;
				GCC_WARN_UNDECLARED_SELECTOR = YES;
				GCC_WARN_UNINITIALIZED_AUTOS = YES_AGGRESSIVE;
				GCC_WARN_UNUSED_FUNCTION = YES;
				GCC_WARN_UNUSED_VARIABLE = YES;
				IPHONEOS_DEPLOYMENT_TARGET = 13.4;
				MTL_ENABLE_DEBUG_INFO = INCLUDE_SOURCE;
				MTL_FAST_MATH = YES;
				ONLY_ACTIVE_ARCH = YES;
				SDKROOT = iphoneos;
				SWIFT_ACTIVE_COMPILATION_CONDITIONS = DEBUG;
				SWIFT_OPTIMIZATION_LEVEL = "-Onone";
			};
			name = Debug;
		};
		6E8D32A324657A480048CCF1 /* Release */ = {
			isa = XCBuildConfiguration;
			buildSettings = {
				ALWAYS_SEARCH_USER_PATHS = NO;
				CLANG_ANALYZER_NONNULL = YES;
				CLANG_ANALYZER_NUMBER_OBJECT_CONVERSION = YES_AGGRESSIVE;
				CLANG_CXX_LANGUAGE_STANDARD = "gnu++14";
				CLANG_CXX_LIBRARY = "libc++";
				CLANG_ENABLE_MODULES = YES;
				CLANG_ENABLE_OBJC_ARC = YES;
				CLANG_ENABLE_OBJC_WEAK = YES;
				CLANG_WARN_BLOCK_CAPTURE_AUTORELEASING = YES;
				CLANG_WARN_BOOL_CONVERSION = YES;
				CLANG_WARN_COMMA = YES;
				CLANG_WARN_CONSTANT_CONVERSION = YES;
				CLANG_WARN_DEPRECATED_OBJC_IMPLEMENTATIONS = YES;
				CLANG_WARN_DIRECT_OBJC_ISA_USAGE = YES_ERROR;
				CLANG_WARN_DOCUMENTATION_COMMENTS = YES;
				CLANG_WARN_EMPTY_BODY = YES;
				CLANG_WARN_ENUM_CONVERSION = YES;
				CLANG_WARN_INFINITE_RECURSION = YES;
				CLANG_WARN_INT_CONVERSION = YES;
				CLANG_WARN_NON_LITERAL_NULL_CONVERSION = YES;
				CLANG_WARN_OBJC_IMPLICIT_RETAIN_SELF = YES;
				CLANG_WARN_OBJC_LITERAL_CONVERSION = YES;
				CLANG_WARN_OBJC_ROOT_CLASS = YES_ERROR;
				CLANG_WARN_RANGE_LOOP_ANALYSIS = YES;
				CLANG_WARN_STRICT_PROTOTYPES = YES;
				CLANG_WARN_SUSPICIOUS_MOVE = YES;
				CLANG_WARN_UNGUARDED_AVAILABILITY = YES_AGGRESSIVE;
				CLANG_WARN_UNREACHABLE_CODE = YES;
				CLANG_WARN__DUPLICATE_METHOD_MATCH = YES;
				COPY_PHASE_STRIP = NO;
				DEBUG_INFORMATION_FORMAT = "dwarf-with-dsym";
				ENABLE_NS_ASSERTIONS = NO;
				ENABLE_STRICT_OBJC_MSGSEND = YES;
				GCC_C_LANGUAGE_STANDARD = gnu11;
				GCC_NO_COMMON_BLOCKS = YES;
				GCC_WARN_64_TO_32_BIT_CONVERSION = YES;
				GCC_WARN_ABOUT_RETURN_TYPE = YES_ERROR;
				GCC_WARN_UNDECLARED_SELECTOR = YES;
				GCC_WARN_UNINITIALIZED_AUTOS = YES_AGGRESSIVE;
				GCC_WARN_UNUSED_FUNCTION = YES;
				GCC_WARN_UNUSED_VARIABLE = YES;
				IPHONEOS_DEPLOYMENT_TARGET = 13.4;
				MTL_ENABLE_DEBUG_INFO = NO;
				MTL_FAST_MATH = YES;
				SDKROOT = iphoneos;
				SWIFT_COMPILATION_MODE = wholemodule;
				SWIFT_OPTIMIZATION_LEVEL = "-O";
				VALIDATE_PRODUCT = YES;
			};
			name = Release;
		};
		6E8D32A524657A480048CCF1 /* Debug */ = {
			isa = XCBuildConfiguration;
			buildSettings = {
				ASSETCATALOG_COMPILER_APPICON_NAME = AppIcon;
				CODE_SIGN_STYLE = Automatic;
				DEVELOPMENT_TEAM = A93689JNSR;
				INFOPLIST_FILE = wwdc2020/Core/Info.plist;
				LD_RUNPATH_SEARCH_PATHS = (
					"$(inherited)",
					"@executable_path/Frameworks",
				);
				PRODUCT_BUNDLE_IDENTIFIER = br.com.bepiducb.wwdc2020;
				PRODUCT_NAME = "$(TARGET_NAME)";
				SWIFT_VERSION = 5.0;
				TARGETED_DEVICE_FAMILY = "1,2";
			};
			name = Debug;
		};
		6E8D32A624657A480048CCF1 /* Release */ = {
			isa = XCBuildConfiguration;
			buildSettings = {
				ASSETCATALOG_COMPILER_APPICON_NAME = AppIcon;
				CODE_SIGN_STYLE = Automatic;
				DEVELOPMENT_TEAM = A93689JNSR;
				INFOPLIST_FILE = wwdc2020/Core/Info.plist;
				LD_RUNPATH_SEARCH_PATHS = (
					"$(inherited)",
					"@executable_path/Frameworks",
				);
				PRODUCT_BUNDLE_IDENTIFIER = br.com.bepiducb.wwdc2020;
				PRODUCT_NAME = "$(TARGET_NAME)";
				SWIFT_VERSION = 5.0;
				TARGETED_DEVICE_FAMILY = "1,2";
			};
			name = Release;
		};
/* End XCBuildConfiguration section */

/* Begin XCConfigurationList section */
		6E8D328724657A460048CCF1 /* Build configuration list for PBXProject "wwdc2020" */ = {
			isa = XCConfigurationList;
			buildConfigurations = (
				6E8D32A224657A480048CCF1 /* Debug */,
				6E8D32A324657A480048CCF1 /* Release */,
			);
			defaultConfigurationIsVisible = 0;
			defaultConfigurationName = Release;
		};
		6E8D32A424657A480048CCF1 /* Build configuration list for PBXNativeTarget "wwdc2020" */ = {
			isa = XCConfigurationList;
			buildConfigurations = (
				6E8D32A524657A480048CCF1 /* Debug */,
				6E8D32A624657A480048CCF1 /* Release */,
			);
			defaultConfigurationIsVisible = 0;
			defaultConfigurationName = Release;
		};
/* End XCConfigurationList section */
	};
	rootObject = 6E8D328424657A460048CCF1 /* Project object */;
}
